
Microsoft Visual Studio Solution File, Format Version 12.00
# Visual Studio 15
VisualStudioVersion = 15.0.28010.2016
MinimumVisualStudioVersion = 10.0.40219.1
Project("{FAE04EC0-301F-11D3-BF4B-00C04F79EFBC}") = "Heacher", "WindowsFormsApp2\Heacher.csproj", "{E63A5A9A-169A-4E51-AD02-18D095AD32ED}"
EndProject
Global
	GlobalSection(SolutionConfigurationPlatforms) = preSolution
		Debug|Any CPU = Debug|Any CPU
		Release|Any CPU = Release|Any CPU
	EndGlobalSection
	GlobalSection(ProjectConfigurationPlatforms) = postSolution
		{E63A5A9A-169A-4E51-AD02-18D095AD32ED}.Debug|Any CPU.ActiveCfg = Debug|Any CPU
		{E63A5A9A-169A-4E51-AD02-18D095AD32ED}.Debug|Any CPU.Build.0 = Debug|Any CPU
		{E63A5A9A-169A-4E51-AD02-18D095AD32ED}.Release|Any CPU.ActiveCfg = Release|Any CPU
		{E63A5A9A-169A-4E51-AD02-18D095AD32ED}.Release|Any CPU.Build.0 = Release|Any CPU
	EndGlobalSection
	GlobalSection(SolutionProperties) = preSolution
		HideSolutionNode = FALSE
	EndGlobalSection
	GlobalSection(ExtensibilityGlobals) = postSolution
		SolutionGuid = {530D573B-F344-45EE-A22B-F493C55D3EA8}
	EndGlobalSection
EndGlobal
